
Microsoft Visual Studio Solution File, Format Version 12.00
# Visual Studio Version 16
VisualStudioVersion = 16.0.29521.150
MinimumVisualStudioVersion = 10.0.40219.1
Project("{9A19103F-16F7-4668-BE54-9A1E7A4F7556}") = "SonyAudioControlApi", "SonyAudioControlApi\SonyAudioControlApi.csproj", "{386BAC14-EA18-42AF-874F-B7E0D69C1F3B}"
EndProject
Project("{FAE04EC0-301F-11D3-BF4B-00C04F79EFBC}") = "SonyAudioControlApiTester", "SonyAudioControlApiTester\SonyAudioControlApiTester.csproj", "{F433F3CA-DD9C-4906-9D1A-AB92FBD25A1C}"
EndProject
Global
	GlobalSection(SolutionConfigurationPlatforms) = preSolution
		Debug|Any CPU = Debug|Any CPU
		Release|Any CPU = Release|Any CPU
	EndGlobalSection
	GlobalSection(ProjectConfigurationPlatforms) = postSolution
		{386BAC14-EA18-42AF-874F-B7E0D69C1F3B}.Debug|Any CPU.ActiveCfg = Debug|Any CPU
		{386BAC14-EA18-42AF-874F-B7E0D69C1F3B}.Debug|Any CPU.Build.0 = Debug|Any CPU
		{386BAC14-EA18-42AF-874F-B7E0D69C1F3B}.Release|Any CPU.ActiveCfg = Release|Any CPU
		{386BAC14-EA18-42AF-874F-B7E0D69C1F3B}.Release|Any CPU.Build.0 = Release|Any CPU
		{F433F3CA-DD9C-4906-9D1A-AB92FBD25A1C}.Debug|Any CPU.ActiveCfg = Debug|Any CPU
		{F433F3CA-DD9C-4906-9D1A-AB92FBD25A1C}.Debug|Any CPU.Build.0 = Debug|Any CPU
		{F433F3CA-DD9C-4906-9D1A-AB92FBD25A1C}.Release|Any CPU.ActiveCfg = Release|Any CPU
		{F433F3CA-DD9C-4906-9D1A-AB92FBD25A1C}.Release|Any CPU.Build.0 = Release|Any CPU
	EndGlobalSection
	GlobalSection(SolutionProperties) = preSolution
		HideSolutionNode = FALSE
	EndGlobalSection
	GlobalSection(ExtensibilityGlobals) = postSolution
		SolutionGuid = {F1CCBD59-EC6B-4E41-8DFC-A0620F6EBE2B}
	EndGlobalSection
EndGlobal
